
Microsoft Visual Studio Solution File, Format Version 12.00
# Visual Studio 15
VisualStudioVersion = 15.0.28307.1000
MinimumVisualStudioVersion = 10.0.40219.1
Project("{FAE04EC0-301F-11D3-BF4B-00C04F79EFBC}") = "AppGroup", "AppGroup\AppGroup.csproj", "{BC1F01E8-AB69-48FD-88A5-00BA8638DFBA}"
EndProject
Project("{FAE04EC0-301F-11D3-BF4B-00C04F79EFBC}") = "AppGroup_UnitTest", "UnitTestProject1\AppGroup_UnitTest.csproj", "{7325CCB0-AA8B-4EA2-A9EA-6BE41565B35D}"
EndProject
Project("{2150E333-8FDC-42A3-9474-1A3956D46DE8}") = "DLL", "DLL", "{BD81E47B-B7C4-4AF9-A227-9C54E9E89545}"
EndProject
Project("{FAE04EC0-301F-11D3-BF4B-00C04F79EFBC}") = "UtilityLib", "FileFolderOperationLib\UtilityLib.csproj", "{19405EBC-D490-4327-882A-93172C57F189}"
EndProject
Project("{FAE04EC0-301F-11D3-BF4B-00C04F79EFBC}") = "LogLib", "LogLib\LogLib.csproj", "{1E5F0C84-D46C-4EB4-B8C9-4D0EAFC1F62E}"
EndProject
Global
	GlobalSection(SolutionConfigurationPlatforms) = preSolution
		Debug|Any CPU = Debug|Any CPU
		Debug|ARM = Debug|ARM
		Debug|ARM64 = Debug|ARM64
		Debug|x64 = Debug|x64
		Debug|x86 = Debug|x86
		Release|Any CPU = Release|Any CPU
		Release|ARM = Release|ARM
		Release|ARM64 = Release|ARM64
		Release|x64 = Release|x64
		Release|x86 = Release|x86
		UnitTest|Any CPU = UnitTest|Any CPU
		UnitTest|ARM = UnitTest|ARM
		UnitTest|ARM64 = UnitTest|ARM64
		UnitTest|x64 = UnitTest|x64
		UnitTest|x86 = UnitTest|x86
	EndGlobalSection
	GlobalSection(ProjectConfigurationPlatforms) = postSolution
		{BC1F01E8-AB69-48FD-88A5-00BA8638DFBA}.Debug|Any CPU.ActiveCfg = Debug|Any CPU
		{BC1F01E8-AB69-48FD-88A5-00BA8638DFBA}.Debug|Any CPU.Build.0 = Debug|Any CPU
		{BC1F01E8-AB69-48FD-88A5-00BA8638DFBA}.Debug|ARM.ActiveCfg = Debug|Any CPU
		{BC1F01E8-AB69-48FD-88A5-00BA8638DFBA}.Debug|ARM.Build.0 = Debug|Any CPU
		{BC1F01E8-AB69-48FD-88A5-00BA8638DFBA}.Debug|ARM64.ActiveCfg = Debug|Any CPU
		{BC1F01E8-AB69-48FD-88A5-00BA8638DFBA}.Debug|ARM64.Build.0 = Debug|Any CPU
		{BC1F01E8-AB69-48FD-88A5-00BA8638DFBA}.Debug|x64.ActiveCfg = Debug|Any CPU
		{BC1F01E8-AB69-48FD-88A5-00BA8638DFBA}.Debug|x64.Build.0 = Debug|Any CPU
		{BC1F01E8-AB69-48FD-88A5-00BA8638DFBA}.Debug|x86.ActiveCfg = Debug|Any CPU
		{BC1F01E8-AB69-48FD-88A5-00BA8638DFBA}.Debug|x86.Build.0 = Debug|Any CPU
		{BC1F01E8-AB69-48FD-88A5-00BA8638DFBA}.Release|Any CPU.ActiveCfg = Release|Any CPU
		{BC1F01E8-AB69-48FD-88A5-00BA8638DFBA}.Release|Any CPU.Build.0 = Release|Any CPU
		{BC1F01E8-AB69-48FD-88A5-00BA8638DFBA}.Release|ARM.ActiveCfg = Release|Any CPU
		{BC1F01E8-AB69-48FD-88A5-00BA8638DFBA}.Release|ARM.Build.0 = Release|Any CPU
		{BC1F01E8-AB69-48FD-88A5-00BA8638DFBA}.Release|ARM64.ActiveCfg = Release|Any CPU
		{BC1F01E8-AB69-48FD-88A5-00BA8638DFBA}.Release|ARM64.Build.0 = Release|Any CPU
		{BC1F01E8-AB69-48FD-88A5-00BA8638DFBA}.Release|x64.ActiveCfg = Release|Any CPU
		{BC1F01E8-AB69-48FD-88A5-00BA8638DFBA}.Release|x64.Build.0 = Release|Any CPU
		{BC1F01E8-AB69-48FD-88A5-00BA8638DFBA}.Release|x86.ActiveCfg = Release|Any CPU
		{BC1F01E8-AB69-48FD-88A5-00BA8638DFBA}.Release|x86.Build.0 = Release|Any CPU
		{BC1F01E8-AB69-48FD-88A5-00BA8638DFBA}.UnitTest|Any CPU.ActiveCfg = UnitTest|Any CPU
		{BC1F01E8-AB69-48FD-88A5-00BA8638DFBA}.UnitTest|Any CPU.Build.0 = UnitTest|Any CPU
		{BC1F01E8-AB69-48FD-88A5-00BA8638DFBA}.UnitTest|ARM.ActiveCfg = UnitTest|Any CPU
		{BC1F01E8-AB69-48FD-88A5-00BA8638DFBA}.UnitTest|ARM.Build.0 = UnitTest|Any CPU
		{BC1F01E8-AB69-48FD-88A5-00BA8638DFBA}.UnitTest|ARM64.ActiveCfg = UnitTest|Any CPU
		{BC1F01E8-AB69-48FD-88A5-00BA8638DFBA}.UnitTest|ARM64.Build.0 = UnitTest|Any CPU
		{BC1F01E8-AB69-48FD-88A5-00BA8638DFBA}.UnitTest|x64.ActiveCfg = UnitTest|Any CPU
		{BC1F01E8-AB69-48FD-88A5-00BA8638DFBA}.UnitTest|x64.Build.0 = UnitTest|Any CPU
		{BC1F01E8-AB69-48FD-88A5-00BA8638DFBA}.UnitTest|x86.ActiveCfg = UnitTest|Any CPU
		{BC1F01E8-AB69-48FD-88A5-00BA8638DFBA}.UnitTest|x86.Build.0 = UnitTest|Any CPU
		{7325CCB0-AA8B-4EA2-A9EA-6BE41565B35D}.Debug|Any CPU.ActiveCfg = Debug|Any CPU
		{7325CCB0-AA8B-4EA2-A9EA-6BE41565B35D}.Debug|ARM.ActiveCfg = Debug|Any CPU
		{7325CCB0-AA8B-4EA2-A9EA-6BE41565B35D}.Debug|ARM.Build.0 = Debug|Any CPU
		{7325CCB0-AA8B-4EA2-A9EA-6BE41565B35D}.Debug|ARM64.ActiveCfg = Debug|Any CPU
		{7325CCB0-AA8B-4EA2-A9EA-6BE41565B35D}.Debug|ARM64.Build.0 = Debug|Any CPU
		{7325CCB0-AA8B-4EA2-A9EA-6BE41565B35D}.Debug|x64.ActiveCfg = Debug|Any CPU
		{7325CCB0-AA8B-4EA2-A9EA-6BE41565B35D}.Debug|x64.Build.0 = Debug|Any CPU
		{7325CCB0-AA8B-4EA2-A9EA-6BE41565B35D}.Debug|x86.ActiveCfg = Debug|Any CPU
		{7325CCB0-AA8B-4EA2-A9EA-6BE41565B35D}.Debug|x86.Build.0 = Debug|Any CPU
		{7325CCB0-AA8B-4EA2-A9EA-6BE41565B35D}.Release|Any CPU.ActiveCfg = Release|Any CPU
		{7325CCB0-AA8B-4EA2-A9EA-6BE41565B35D}.Release|ARM.ActiveCfg = Release|Any CPU
		{7325CCB0-AA8B-4EA2-A9EA-6BE41565B35D}.Release|ARM.Build.0 = Release|Any CPU
		{7325CCB0-AA8B-4EA2-A9EA-6BE41565B35D}.Release|ARM64.ActiveCfg = Release|Any CPU
		{7325CCB0-AA8B-4EA2-A9EA-6BE41565B35D}.Release|ARM64.Build.0 = Release|Any CPU
		{7325CCB0-AA8B-4EA2-A9EA-6BE41565B35D}.Release|x64.ActiveCfg = Release|Any CPU
		{7325CCB0-AA8B-4EA2-A9EA-6BE41565B35D}.Release|x64.Build.0 = Release|Any CPU
		{7325CCB0-AA8B-4EA2-A9EA-6BE41565B35D}.Release|x86.ActiveCfg = Release|Any CPU
		{7325CCB0-AA8B-4EA2-A9EA-6BE41565B35D}.Release|x86.Build.0 = Release|Any CPU
		{7325CCB0-AA8B-4EA2-A9EA-6BE41565B35D}.UnitTest|Any CPU.ActiveCfg = UnitTest|Any CPU
		{7325CCB0-AA8B-4EA2-A9EA-6BE41565B35D}.UnitTest|Any CPU.Build.0 = UnitTest|Any CPU
		{7325CCB0-AA8B-4EA2-A9EA-6BE41565B35D}.UnitTest|ARM.ActiveCfg = UnitTest|Any CPU
		{7325CCB0-AA8B-4EA2-A9EA-6BE41565B35D}.UnitTest|ARM.Build.0 = UnitTest|Any CPU
		{7325CCB0-AA8B-4EA2-A9EA-6BE41565B35D}.UnitTest|ARM64.ActiveCfg = UnitTest|Any CPU
		{7325CCB0-AA8B-4EA2-A9EA-6BE41565B35D}.UnitTest|ARM64.Build.0 = UnitTest|Any CPU
		{7325CCB0-AA8B-4EA2-A9EA-6BE41565B35D}.UnitTest|x64.ActiveCfg = UnitTest|Any CPU
		{7325CCB0-AA8B-4EA2-A9EA-6BE41565B35D}.UnitTest|x64.Build.0 = UnitTest|Any CPU
		{7325CCB0-AA8B-4EA2-A9EA-6BE41565B35D}.UnitTest|x86.ActiveCfg = UnitTest|Any CPU
		{7325CCB0-AA8B-4EA2-A9EA-6BE41565B35D}.UnitTest|x86.Build.0 = UnitTest|Any CPU
		{19405EBC-D490-4327-882A-93172C57F189}.Debug|Any CPU.ActiveCfg = Debug|Any CPU
		{19405EBC-D490-4327-882A-93172C57F189}.Debug|Any CPU.Build.0 = Debug|Any CPU
		{19405EBC-D490-4327-882A-93172C57F189}.Debug|ARM.ActiveCfg = Debug|Any CPU
		{19405EBC-D490-4327-882A-93172C57F189}.Debug|ARM.Build.0 = Debug|Any CPU
		{19405EBC-D490-4327-882A-93172C57F189}.Debug|ARM64.ActiveCfg = Debug|Any CPU
		{19405EBC-D490-4327-882A-93172C57F189}.Debug|ARM64.Build.0 = Debug|Any CPU
		{19405EBC-D490-4327-882A-93172C57F189}.Debug|x64.ActiveCfg = Debug|Any CPU
		{19405EBC-D490-4327-882A-93172C57F189}.Debug|x64.Build.0 = Debug|Any CPU
		{19405EBC-D490-4327-882A-93172C57F189}.Debug|x86.ActiveCfg = Debug|Any CPU
		{19405EBC-D490-4327-882A-93172C57F189}.Debug|x86.Build.0 = Debug|Any CPU
		{19405EBC-D490-4327-882A-93172C57F189}.Release|Any CPU.ActiveCfg = Release|Any CPU
		{19405EBC-D490-4327-882A-93172C57F189}.Release|Any CPU.Build.0 = Release|Any CPU
		{19405EBC-D490-4327-882A-93172C57F189}.Release|ARM.ActiveCfg = Release|Any CPU
		{19405EBC-D490-4327-882A-93172C57F189}.Release|ARM.Build.0 = Release|Any CPU
		{19405EBC-D490-4327-882A-93172C57F189}.Release|ARM64.ActiveCfg = Release|Any CPU
		{19405EBC-D490-4327-882A-93172C57F189}.Release|ARM64.Build.0 = Release|Any CPU
		{19405EBC-D490-4327-882A-93172C57F189}.Release|x64.ActiveCfg = Release|Any CPU
		{19405EBC-D490-4327-882A-93172C57F189}.Release|x64.Build.0 = Release|Any CPU
		{19405EBC-D490-4327-882A-93172C57F189}.Release|x86.ActiveCfg = Release|Any CPU
		{19405EBC-D490-4327-882A-93172C57F189}.Release|x86.Build.0 = Release|Any CPU
		{19405EBC-D490-4327-882A-93172C57F189}.UnitTest|Any CPU.ActiveCfg = Release|Any CPU
		{19405EBC-D490-4327-882A-93172C57F189}.UnitTest|Any CPU.Build.0 = Release|Any CPU
		{19405EBC-D490-4327-882A-93172C57F189}.UnitTest|ARM.ActiveCfg = Release|Any CPU
		{19405EBC-D490-4327-882A-93172C57F189}.UnitTest|ARM.Build.0 = Release|Any CPU
		{19405EBC-D490-4327-882A-93172C57F189}.UnitTest|ARM64.ActiveCfg = Release|Any CPU
		{19405EBC-D490-4327-882A-93172C57F189}.UnitTest|ARM64.Build.0 = Release|Any CPU
		{19405EBC-D490-4327-882A-93172C57F189}.UnitTest|x64.ActiveCfg = Release|Any CPU
		{19405EBC-D490-4327-882A-93172C57F189}.UnitTest|x64.Build.0 = Release|Any CPU
		{19405EBC-D490-4327-882A-93172C57F189}.UnitTest|x86.ActiveCfg = Release|Any CPU
		{19405EBC-D490-4327-882A-93172C57F189}.UnitTest|x86.Build.0 = Release|Any CPU
		{1E5F0C84-D46C-4EB4-B8C9-4D0EAFC1F62E}.Debug|Any CPU.ActiveCfg = Debug|Any CPU
		{1E5F0C84-D46C-4EB4-B8C9-4D0EAFC1F62E}.Debug|Any CPU.Build.0 = Debug|Any CPU
		{1E5F0C84-D46C-4EB4-B8C9-4D0EAFC1F62E}.Debug|ARM.ActiveCfg = Debug|Any CPU
		{1E5F0C84-D46C-4EB4-B8C9-4D0EAFC1F62E}.Debug|ARM.Build.0 = Debug|Any CPU
		{1E5F0C84-D46C-4EB4-B8C9-4D0EAFC1F62E}.Debug|ARM64.ActiveCfg = Debug|Any CPU
		{1E5F0C84-D46C-4EB4-B8C9-4D0EAFC1F62E}.Debug|ARM64.Build.0 = Debug|Any CPU
		{1E5F0C84-D46C-4EB4-B8C9-4D0EAFC1F62E}.Debug|x64.ActiveCfg = Debug|Any CPU
		{1E5F0C84-D46C-4EB4-B8C9-4D0EAFC1F62E}.Debug|x64.Build.0 = Debug|Any CPU
		{1E5F0C84-D46C-4EB4-B8C9-4D0EAFC1F62E}.Debug|x86.ActiveCfg = Debug|Any CPU
		{1E5F0C84-D46C-4EB4-B8C9-4D0EAFC1F62E}.Debug|x86.Build.0 = Debug|Any CPU
		{1E5F0C84-D46C-4EB4-B8C9-4D0EAFC1F62E}.Release|Any CPU.ActiveCfg = Release|Any CPU
		{1E5F0C84-D46C-4EB4-B8C9-4D0EAFC1F62E}.Release|Any CPU.Build.0 = Release|Any CPU
		{1E5F0C84-D46C-4EB4-B8C9-4D0EAFC1F62E}.Release|ARM.ActiveCfg = Release|Any CPU
		{1E5F0C84-D46C-4EB4-B8C9-4D0EAFC1F62E}.Release|ARM.Build.0 = Release|Any CPU
		{1E5F0C84-D46C-4EB4-B8C9-4D0EAFC1F62E}.Release|ARM64.ActiveCfg = Release|Any CPU
		{1E5F0C84-D46C-4EB4-B8C9-4D0EAFC1F62E}.Release|ARM64.Build.0 = Release|Any CPU
		{1E5F0C84-D46C-4EB4-B8C9-4D0EAFC1F62E}.Release|x64.ActiveCfg = Release|Any CPU
		{1E5F0C84-D46C-4EB4-B8C9-4D0EAFC1F62E}.Release|x64.Build.0 = Release|Any CPU
		{1E5F0C84-D46C-4EB4-B8C9-4D0EAFC1F62E}.Release|x86.ActiveCfg = Release|Any CPU
		{1E5F0C84-D46C-4EB4-B8C9-4D0EAFC1F62E}.Release|x86.Build.0 = Release|Any CPU
		{1E5F0C84-D46C-4EB4-B8C9-4D0EAFC1F62E}.UnitTest|Any CPU.ActiveCfg = Release|Any CPU
		{1E5F0C84-D46C-4EB4-B8C9-4D0EAFC1F62E}.UnitTest|Any CPU.Build.0 = Release|Any CPU
		{1E5F0C84-D46C-4EB4-B8C9-4D0EAFC1F62E}.UnitTest|ARM.ActiveCfg = Release|Any CPU
		{1E5F0C84-D46C-4EB4-B8C9-4D0EAFC1F62E}.UnitTest|ARM.Build.0 = Release|Any CPU
		{1E5F0C84-D46C-4EB4-B8C9-4D0EAFC1F62E}.UnitTest|ARM64.ActiveCfg = Release|Any CPU
		{1E5F0C84-D46C-4EB4-B8C9-4D0EAFC1F62E}.UnitTest|ARM64.Build.0 = Release|Any CPU
		{1E5F0C84-D46C-4EB4-B8C9-4D0EAFC1F62E}.UnitTest|x64.ActiveCfg = Release|Any CPU
		{1E5F0C84-D46C-4EB4-B8C9-4D0EAFC1F62E}.UnitTest|x64.Build.0 = Release|Any CPU
		{1E5F0C84-D46C-4EB4-B8C9-4D0EAFC1F62E}.UnitTest|x86.ActiveCfg = Release|Any CPU
		{1E5F0C84-D46C-4EB4-B8C9-4D0EAFC1F62E}.UnitTest|x86.Build.0 = Release|Any CPU
	EndGlobalSection
	GlobalSection(SolutionProperties) = preSolution
		HideSolutionNode = FALSE
	EndGlobalSection
	GlobalSection(NestedProjects) = preSolution
		{19405EBC-D490-4327-882A-93172C57F189} = {BD81E47B-B7C4-4AF9-A227-9C54E9E89545}
		{1E5F0C84-D46C-4EB4-B8C9-4D0EAFC1F62E} = {BD81E47B-B7C4-4AF9-A227-9C54E9E89545}
	EndGlobalSection
	GlobalSection(ExtensibilityGlobals) = postSolution
		SolutionGuid = {50EF7D1D-4857-49C7-8338-F56CEB1DEAB4}
	EndGlobalSection
EndGlobal
